// !$*UTF8*$!
{
	archiveVersion = 1;
	classes = {
	};
	objectVersion = 46;
	objects = {

/* Begin PBXBuildFile section */
		6CCF7C181967A49700819669 /* AppDelegate.swift in Sources */ = {isa = PBXBuildFile; fileRef = 6CCF7C171967A49700819669 /* AppDelegate.swift */; };
		6CCF7C1A1967A49700819669 /* ViewController.swift in Sources */ = {isa = PBXBuildFile; fileRef = 6CCF7C191967A49700819669 /* ViewController.swift */; };
		6CCF7C1D1967A49700819669 /* Main.storyboard in Resources */ = {isa = PBXBuildFile; fileRef = 6CCF7C1B1967A49700819669 /* Main.storyboard */; };
		6CCF7C1F1967A49700819669 /* Images.xcassets in Resources */ = {isa = PBXBuildFile; fileRef = 6CCF7C1E1967A49700819669 /* Images.xcassets */; };
		6CCF7C2B1967A49700819669 /* Knowli3_ReaderTests.swift in Sources */ = {isa = PBXBuildFile; fileRef = 6CCF7C2A1967A49700819669 /* Knowli3_ReaderTests.swift */; };
/* End PBXBuildFile section */

/* Begin PBXContainerItemProxy section */
		6CCF7C251967A49700819669 /* PBXContainerItemProxy */ = {
			isa = PBXContainerItemProxy;
			containerPortal = 6CCF7C0A1967A49700819669 /* Project object */;
			proxyType = 1;
			remoteGlobalIDString = 6CCF7C111967A49700819669;
			remoteInfo = "Knowli3-Reader";
		};
/* End PBXContainerItemProxy section */

/* Begin PBXFileReference section */
		6CCF7C121967A49700819669 /* Knowli3-Reader.app */ = {isa = PBXFileReference; explicitFileType = wrapper.application; includeInIndex = 0; path = "Knowli3-Reader.app"; sourceTree = BUILT_PRODUCTS_DIR; };
		6CCF7C161967A49700819669 /* Info.plist */ = {isa = PBXFileReference; lastKnownFileType = text.plist.xml; path = Info.plist; sourceTree = "<group>"; };
		6CCF7C171967A49700819669 /* AppDelegate.swift */ = {isa = PBXFileReference; lastKnownFileType = sourcecode.swift; path = AppDelegate.swift; sourceTree = "<group>"; };
		6CCF7C191967A49700819669 /* ViewController.swift */ = {isa = PBXFileReference; lastKnownFileType = sourcecode.swift; path = ViewController.swift; sourceTree = "<group>"; };
		6CCF7C1C1967A49700819669 /* Base */ = {isa = PBXFileReference; lastKnownFileType = file.storyboard; name = Base; path = Base.lproj/Main.storyboard; sourceTree = "<group>"; };
		6CCF7C1E1967A49700819669 /* Images.xcassets */ = {isa = PBXFileReference; lastKnownFileType = folder.assetcatalog; path = Images.xcassets; sourceTree = "<group>"; };
		6CCF7C241967A49700819669 /* Knowli3-ReaderTests.xctest */ = {isa = PBXFileReference; explicitFileType = wrapper.cfbundle; includeInIndex = 0; path = "Knowli3-ReaderTests.xctest"; sourceTree = BUILT_PRODUCTS_DIR; };
		6CCF7C291967A49700819669 /* Info.plist */ = {isa = PBXFileReference; lastKnownFileType = text.plist.xml; path = Info.plist; sourceTree = "<group>"; };
		6CCF7C2A1967A49700819669 /* Knowli3_ReaderTests.swift */ = {isa = PBXFileReference; lastKnownFileType = sourcecode.swift; path = Knowli3_ReaderTests.swift; sourceTree = "<group>"; };
/* End PBXFileReference section */

/* Begin PBXFrameworksBuildPhase section */
		6CCF7C0F1967A49700819669 /* Frameworks */ = {
			isa = PBXFrameworksBuildPhase;
			buildActionMask = 2147483647;
			files = (
			);
			runOnlyForDeploymentPostprocessing = 0;
		};
		6CCF7C211967A49700819669 /* Frameworks */ = {
			isa = PBXFrameworksBuildPhase;
			buildActionMask = 2147483647;
			files = (
			);
			runOnlyForDeploymentPostprocessing = 0;
		};
/* End PBXFrameworksBuildPhase section */

/* Begin PBXGroup section */
		6CCF7C091967A49700819669 = {
			isa = PBXGroup;
			children = (
				6CCF7C141967A49700819669 /* Knowli3-Reader */,
				6CCF7C271967A49700819669 /* Knowli3-ReaderTests */,
				6CCF7C131967A49700819669 /* Products */,
			);
			sourceTree = "<group>";
		};
		6CCF7C131967A49700819669 /* Products */ = {
			isa = PBXGroup;
			children = (
				6CCF7C121967A49700819669 /* Knowli3-Reader.app */,
				6CCF7C241967A49700819669 /* Knowli3-ReaderTests.xctest */,
			);
			name = Products;
			sourceTree = "<group>";
		};
		6CCF7C141967A49700819669 /* Knowli3-Reader */ = {
			isa = PBXGroup;
			children = (
				6CCF7C171967A49700819669 /* AppDelegate.swift */,
				6CCF7C191967A49700819669 /* ViewController.swift */,
				6CCF7C1B1967A49700819669 /* Main.storyboard */,
				6CCF7C1E1967A49700819669 /* Images.xcassets */,
				6CCF7C151967A49700819669 /* Supporting Files */,
			);
			path = "Knowli3-Reader";
			sourceTree = "<group>";
		};
		6CCF7C151967A49700819669 /* Supporting Files */ = {
			isa = PBXGroup;
			children = (
				6CCF7C161967A49700819669 /* Info.plist */,
			);
			name = "Supporting Files";
			sourceTree = "<group>";
		};
		6CCF7C271967A49700819669 /* Knowli3-ReaderTests */ = {
			isa = PBXGroup;
			children = (
				6CCF7C2A1967A49700819669 /* Knowli3_ReaderTests.swift */,
				6CCF7C281967A49700819669 /* Supporting Files */,
			);
			path = "Knowli3-ReaderTests";
			sourceTree = "<group>";
		};
		6CCF7C281967A49700819669 /* Supporting Files */ = {
			isa = PBXGroup;
			children = (
				6CCF7C291967A49700819669 /* Info.plist */,
			);
			name = "Supporting Files";
			sourceTree = "<group>";
		};
/* End PBXGroup section */

/* Begin PBXNativeTarget section */
		6CCF7C111967A49700819669 /* Knowli3-Reader */ = {
			isa = PBXNativeTarget;
			buildConfigurationList = 6CCF7C2E1967A49700819669 /* Build configuration list for PBXNativeTarget "Knowli3-Reader" */;
			buildPhases = (
				6CCF7C0E1967A49700819669 /* Sources */,
				6CCF7C0F1967A49700819669 /* Frameworks */,
				6CCF7C101967A49700819669 /* Resources */,
			);
			buildRules = (
			);
			dependencies = (
			);
			name = "Knowli3-Reader";
			productName = "Knowli3-Reader";
			productReference = 6CCF7C121967A49700819669 /* Knowli3-Reader.app */;
			productType = "com.apple.product-type.application";
		};
		6CCF7C231967A49700819669 /* Knowli3-ReaderTests */ = {
			isa = PBXNativeTarget;
			buildConfigurationList = 6CCF7C311967A49700819669 /* Build configuration list for PBXNativeTarget "Knowli3-ReaderTests" */;
			buildPhases = (
				6CCF7C201967A49700819669 /* Sources */,
				6CCF7C211967A49700819669 /* Frameworks */,
				6CCF7C221967A49700819669 /* Resources */,
			);
			buildRules = (
			);
			dependencies = (
				6CCF7C261967A49700819669 /* PBXTargetDependency */,
			);
			name = "Knowli3-ReaderTests";
			productName = "Knowli3-ReaderTests";
			productReference = 6CCF7C241967A49700819669 /* Knowli3-ReaderTests.xctest */;
			productType = "com.apple.product-type.bundle.unit-test";
		};
/* End PBXNativeTarget section */

/* Begin PBXProject section */
		6CCF7C0A1967A49700819669 /* Project object */ = {
			isa = PBXProject;
			attributes = {
				LastUpgradeCheck = 0600;
				ORGANIZATIONNAME = "서 동훈";
				TargetAttributes = {
					6CCF7C111967A49700819669 = {
						CreatedOnToolsVersion = 6.0;
					};
					6CCF7C231967A49700819669 = {
						CreatedOnToolsVersion = 6.0;
						TestTargetID = 6CCF7C111967A49700819669;
					};
				};
			};
			buildConfigurationList = 6CCF7C0D1967A49700819669 /* Build configuration list for PBXProject "Knowli3-Reader" */;
			compatibilityVersion = "Xcode 3.2";
			developmentRegion = English;
			hasScannedForEncodings = 0;
			knownRegions = (
				en,
				Base,
			);
			mainGroup = 6CCF7C091967A49700819669;
			productRefGroup = 6CCF7C131967A49700819669 /* Products */;
			projectDirPath = "";
			projectRoot = "";
			targets = (
				6CCF7C111967A49700819669 /* Knowli3-Reader */,
				6CCF7C231967A49700819669 /* Knowli3-ReaderTests */,
			);
		};
/* End PBXProject section */

/* Begin PBXResourcesBuildPhase section */
		6CCF7C101967A49700819669 /* Resources */ = {
			isa = PBXResourcesBuildPhase;
			buildActionMask = 2147483647;
			files = (
				6CCF7C1D1967A49700819669 /* Main.storyboard in Resources */,
				6CCF7C1F1967A49700819669 /* Images.xcassets in Resources */,
			);
			runOnlyForDeploymentPostprocessing = 0;
		};
		6CCF7C221967A49700819669 /* Resources */ = {
			isa = PBXResourcesBuildPhase;
			buildActionMask = 2147483647;
			files = (
			);
			runOnlyForDeploymentPostprocessing = 0;
		};
/* End PBXResourcesBuildPhase section */

/* Begin PBXSourcesBuildPhase section */
		6CCF7C0E1967A49700819669 /* Sources */ = {
			isa = PBXSourcesBuildPhase;
			buildActionMask = 2147483647;
			files = (
				6CCF7C1A1967A49700819669 /* ViewController.swift in Sources */,
				6CCF7C181967A49700819669 /* AppDelegate.swift in Sources */,
			);
			runOnlyForDeploymentPostprocessing = 0;
		};
		6CCF7C201967A49700819669 /* Sources */ = {
			isa = PBXSourcesBuildPhase;
			buildActionMask = 2147483647;
			files = (
				6CCF7C2B1967A49700819669 /* Knowli3_ReaderTests.swift in Sources */,
			);
			runOnlyForDeploymentPostprocessing = 0;
		};
/* End PBXSourcesBuildPhase section */

/* Begin PBXTargetDependency section */
		6CCF7C261967A49700819669 /* PBXTargetDependency */ = {
			isa = PBXTargetDependency;
			target = 6CCF7C111967A49700819669 /* Knowli3-Reader */;
			targetProxy = 6CCF7C251967A49700819669 /* PBXContainerItemProxy */;
		};
/* End PBXTargetDependency section */

/* Begin PBXVariantGroup section */
		6CCF7C1B1967A49700819669 /* Main.storyboard */ = {
			isa = PBXVariantGroup;
			children = (
				6CCF7C1C1967A49700819669 /* Base */,
			);
			name = Main.storyboard;
			sourceTree = "<group>";
		};
/* End PBXVariantGroup section */

/* Begin XCBuildConfiguration section */
		6CCF7C2C1967A49700819669 /* Debug */ = {
			isa = XCBuildConfiguration;
			buildSettings = {
				ALWAYS_SEARCH_USER_PATHS = NO;
				CLANG_CXX_LANGUAGE_STANDARD = "gnu++0x";
				CLANG_CXX_LIBRARY = "libc++";
				CLANG_ENABLE_MODULES = YES;
				CLANG_ENABLE_OBJC_ARC = YES;
				CLANG_WARN_BOOL_CONVERSION = YES;
				CLANG_WARN_CONSTANT_CONVERSION = YES;
				CLANG_WARN_DIRECT_OBJC_ISA_USAGE = YES_ERROR;
				CLANG_WARN_EMPTY_BODY = YES;
				CLANG_WARN_ENUM_CONVERSION = YES;
				CLANG_WARN_INT_CONVERSION = YES;
				CLANG_WARN_OBJC_ROOT_CLASS = YES_ERROR;
				CLANG_WARN_UNREACHABLE_CODE = YES;
				CLANG_WARN__DUPLICATE_METHOD_MATCH = YES;
				"CODE_SIGN_IDENTITY[sdk=iphoneos*]" = "iPhone Developer";
				COPY_PHASE_STRIP = NO;
				ENABLE_STRICT_OBJC_MSGSEND = YES;
				GCC_C_LANGUAGE_STANDARD = gnu99;
				GCC_DYNAMIC_NO_PIC = NO;
				GCC_OPTIMIZATION_LEVEL = 0;
				GCC_PREPROCESSOR_DEFINITIONS = (
					"DEBUG=1",
					"$(inherited)",
				);
				GCC_SYMBOLS_PRIVATE_EXTERN = NO;
				GCC_WARN_64_TO_32_BIT_CONVERSION = YES;
				GCC_WARN_ABOUT_RETURN_TYPE = YES_ERROR;
				GCC_WARN_UNDECLARED_SELECTOR = YES;
				GCC_WARN_UNINITIALIZED_AUTOS = YES_AGGRESSIVE;
				GCC_WARN_UNUSED_FUNCTION = YES;
				GCC_WARN_UNUSED_VARIABLE = YES;
				IPHONEOS_DEPLOYMENT_TARGET = 8.0;
				METAL_ENABLE_DEBUG_INFO = YES;
				ONLY_ACTIVE_ARCH = YES;
				SDKROOT = iphoneos;
				SWIFT_OPTIMIZATION_LEVEL = "-Onone";
			};
			name = Debug;
		};
		6CCF7C2D1967A49700819669 /* Release */ = {
			isa = XCBuildConfiguration;
			buildSettings = {
				ALWAYS_SEARCH_USER_PATHS = NO;
				CLANG_CXX_LANGUAGE_STANDARD = "gnu++0x";
				CLANG_CXX_LIBRARY = "libc++";
				CLANG_ENABLE_MODULES = YES;
				CLANG_ENABLE_OBJC_ARC = YES;
				CLANG_WARN_BOOL_CONVERSION = YES;
				CLANG_WARN_CONSTANT_CONVERSION = YES;
				CLANG_WARN_DIRECT_OBJC_ISA_USAGE = YES_ERROR;
				CLANG_WARN_EMPTY_BODY = YES;
				CLANG_WARN_ENUM_CONVERSION = YES;
				CLANG_WARN_INT_CONVERSION = YES;
				CLANG_WARN_OBJC_ROOT_CLASS = YES_ERROR;
				CLANG_WARN_UNREACHABLE_CODE = YES;
				CLANG_WARN__DUPLICATE_METHOD_MATCH = YES;
				"CODE_SIGN_IDENTITY[sdk=iphoneos*]" = "iPhone Developer";
				COPY_PHASE_STRIP = YES;
				ENABLE_NS_ASSERTIONS = NO;
				ENABLE_STRICT_OBJC_MSGSEND = YES;
				GCC_C_LANGUAGE_STANDARD = gnu99;
				GCC_WARN_64_TO_32_BIT_CONVERSION = YES;
				GCC_WARN_ABOUT_RETURN_TYPE = YES_ERROR;
				GCC_WARN_UNDECLARED_SELECTOR = YES;
				GCC_WARN_UNINITIALIZED_AUTOS = YES_AGGRESSIVE;
				GCC_WARN_UNUSED_FUNCTION = YES;
				GCC_WARN_UNUSED_VARIABLE = YES;
				IPHONEOS_DEPLOYMENT_TARGET = 8.0;
				METAL_ENABLE_DEBUG_INFO = NO;
				SDKROOT = iphoneos;
				VALIDATE_PRODUCT = YES;
			};
			name = Release;
		};
		6CCF7C2F1967A49700819669 /* Debug */ = {
			isa = XCBuildConfiguration;
			buildSettings = {
				ASSETCATALOG_COMPILER_APPICON_NAME = AppIcon;
				ASSETCATALOG_COMPILER_LAUNCHIMAGE_NAME = LaunchImage;
				INFOPLIST_FILE = "Knowli3-Reader/Info.plist";
				LD_RUNPATH_SEARCH_PATHS = "$(inherited) @executable_path/Frameworks";
				PRODUCT_NAME = "$(TARGET_NAME)";
			};
			name = Debug;
		};
		6CCF7C301967A49700819669 /* Release */ = {
			isa = XCBuildConfiguration;
			buildSettings = {
				ASSETCATALOG_COMPILER_APPICON_NAME = AppIcon;
				ASSETCATALOG_COMPILER_LAUNCHIMAGE_NAME = LaunchImage;
				INFOPLIST_FILE = "Knowli3-Reader/Info.plist";
				LD_RUNPATH_SEARCH_PATHS = "$(inherited) @executable_path/Frameworks";
				PRODUCT_NAME = "$(TARGET_NAME)";
			};
			name = Release;
		};
		6CCF7C321967A49700819669 /* Debug */ = {
			isa = XCBuildConfiguration;
			buildSettings = {
				BUNDLE_LOADER = "$(BUILT_PRODUCTS_DIR)/Knowli3-Reader.app/Knowli3-Reader";
				FRAMEWORK_SEARCH_PATHS = (
					"$(SDKROOT)/Developer/Library/Frameworks",
					"$(inherited)",
				);
				GCC_PREPROCESSOR_DEFINITIONS = (
					"DEBUG=1",
					"$(inherited)",
				);
				INFOPLIST_FILE = "Knowli3-ReaderTests/Info.plist";
				LD_RUNPATH_SEARCH_PATHS = "$(inherited) @executable_path/Frameworks @loader_path/Frameworks";
				METAL_ENABLE_DEBUG_INFO = YES;
				PRODUCT_NAME = "$(TARGET_NAME)";
				TEST_HOST = "$(BUNDLE_LOADER)";
			};
			name = Debug;
		};
		6CCF7C331967A49700819669 /* Release */ = {
			isa = XCBuildConfiguration;
			buildSettings = {
				BUNDLE_LOADER = "$(BUILT_PRODUCTS_DIR)/Knowli3-Reader.app/Knowli3-Reader";
				FRAMEWORK_SEARCH_PATHS = (
					"$(SDKROOT)/Developer/Library/Frameworks",
					"$(inherited)",
				);
				INFOPLIST_FILE = "Knowli3-ReaderTests/Info.plist";
				LD_RUNPATH_SEARCH_PATHS = "$(inherited) @executable_path/Frameworks @loader_path/Frameworks";
				METAL_ENABLE_DEBUG_INFO = NO;
				PRODUCT_NAME = "$(TARGET_NAME)";
				TEST_HOST = "$(BUNDLE_LOADER)";
			};
			name = Release;
		};
/* End XCBuildConfiguration section */

/* Begin XCConfigurationList section */
		6CCF7C0D1967A49700819669 /* Build configuration list for PBXProject "Knowli3-Reader" */ = {
			isa = XCConfigurationList;
			buildConfigurations = (
				6CCF7C2C1967A49700819669 /* Debug */,
				6CCF7C2D1967A49700819669 /* Release */,
			);
			defaultConfigurationIsVisible = 0;
			defaultConfigurationName = Release;
		};
		6CCF7C2E1967A49700819669 /* Build configuration list for PBXNativeTarget "Knowli3-Reader" */ = {
			isa = XCConfigurationList;
			buildConfigurations = (
				6CCF7C2F1967A49700819669 /* Debug */,
				6CCF7C301967A49700819669 /* Release */,
			);
			defaultConfigurationIsVisible = 0;
		};
		6CCF7C311967A49700819669 /* Build configuration list for PBXNativeTarget "Knowli3-ReaderTests" */ = {
			isa = XCConfigurationList;
			buildConfigurations = (
				6CCF7C321967A49700819669 /* Debug */,
				6CCF7C331967A49700819669 /* Release */,
			);
			defaultConfigurationIsVisible = 0;
		};
/* End XCConfigurationList section */
	};
	rootObject = 6CCF7C0A1967A49700819669 /* Project object */;
}
